
Microsoft Visual Studio Solution File, Format Version 12.00
# Visual Studio Version 16
VisualStudioVersion = 16.0.30406.217
MinimumVisualStudioVersion = 10.0.40219.1
Project("{8BC9CEB8-8B4A-11D0-8D11-00A0C91BC942}") = "RtspServerLogging", "RtspServerLogging.vcxproj", "{9CD5CB7A-5B2C-4877-937E-1A3B6E7A90DA}"
EndProject
Global
	GlobalSection(SolutionConfigurationPlatforms) = preSolution
		Debug|x64 = Debug|x64
		Debug|x86 = Debug|x86
		Release|x64 = Release|x64
		Release|x86 = Release|x86
	EndGlobalSection
	GlobalSection(ProjectConfigurationPlatforms) = postSolution
		{9CD5CB7A-5B2C-4877-937E-1A3B6E7A90DA}.Debug|x64.ActiveCfg = Debug|x64
		{9CD5CB7A-5B2C-4877-937E-1A3B6E7A90DA}.Debug|x64.Build.0 = Debug|x64
		{9CD5CB7A-5B2C-4877-937E-1A3B6E7A90DA}.Debug|x86.ActiveCfg = Debug|Win32
		{9CD5CB7A-5B2C-4877-937E-1A3B6E7A90DA}.Debug|x86.Build.0 = Debug|Win32
		{9CD5CB7A-5B2C-4877-937E-1A3B6E7A90DA}.Release|x64.ActiveCfg = Release|x64
		{9CD5CB7A-5B2C-4877-937E-1A3B6E7A90DA}.Release|x64.Build.0 = Release|x64
		{9CD5CB7A-5B2C-4877-937E-1A3B6E7A90DA}.Release|x86.ActiveCfg = Release|Win32
		{9CD5CB7A-5B2C-4877-937E-1A3B6E7A90DA}.Release|x86.Build.0 = Release|Win32
	EndGlobalSection
	GlobalSection(SolutionProperties) = preSolution
		HideSolutionNode = FALSE
	EndGlobalSection
	GlobalSection(ExtensibilityGlobals) = postSolution
		SolutionGuid = {5948CC55-35FD-4F11-87C9-DB133C29AA16}
	EndGlobalSection
EndGlobal
